
Microsoft Visual Studio Solution File, Format Version 12.00
# Visual Studio Version 17
VisualStudioVersion = 17.11.35327.3
MinimumVisualStudioVersion = 10.0.40219.1
Project("{8BC9CEB8-8B4A-11D0-8D11-00A0C91BC942}") = "practice01", "practice\practice01\practice01.vcxproj", "{94BEAAFA-BDE6-403C-9216-3F41BBDE33AB}"
EndProject
Project("{8BC9CEB8-8B4A-11D0-8D11-00A0C91BC942}") = "practice02", "practice\practice02\practice02.vcxproj", "{CC270779-EF9D-472A-AB8E-C17DCC7854E5}"
EndProject
Project("{8BC9CEB8-8B4A-11D0-8D11-00A0C91BC942}") = "practice05_1a", "practice\practice05\practice05_1a\practice05_1a.vcxproj", "{EFEC5365-9776-4588-A42E-D9B180D9F106}"
EndProject
Project("{2150E333-8FDC-42A3-9474-1A3956D46DE8}") = "practice05", "practice05", "{A4F05000-6A45-40A0-A53A-B93DCB57765E}"
EndProject
Project("{8BC9CEB8-8B4A-11D0-8D11-00A0C91BC942}") = "practice03", "practice\practice03\practice03.vcxproj", "{201A55ED-B92A-470B-914C-C3FFB43CBBE0}"
EndProject
Project("{8BC9CEB8-8B4A-11D0-8D11-00A0C91BC942}") = "project01", "projects\project01\project01.vcxproj", "{D6E089A5-1359-44FA-9890-73BBB5D12B27}"
EndProject
Project("{8BC9CEB8-8B4A-11D0-8D11-00A0C91BC942}") = "practice04_1a", "practice\practice04\practice04_1a\practice04_1a.vcxproj", "{99A00702-56B2-4D26-B98A-473D39EE2B12}"
EndProject
Project("{2150E333-8FDC-42A3-9474-1A3956D46DE8}") = "practice04", "practice04", "{659FAA6F-E0AB-4572-B840-B164FCB87CEB}"
EndProject
Project("{2150E333-8FDC-42A3-9474-1A3956D46DE8}") = "practice", "practice", "{9ADBACA2-54FD-486F-8DB3-6F05776FD95A}"
EndProject
Project("{2150E333-8FDC-42A3-9474-1A3956D46DE8}") = "projects", "projects", "{FE7AD6B5-204B-457E-BA7A-1E891557759C}"
EndProject
Project("{8BC9CEB8-8B4A-11D0-8D11-00A0C91BC942}") = "practice04_2a", "practice\practice04\practice04_2a\practice04_2a.vcxproj", "{90DF8A35-7AAC-4201-AE75-B7B524121E89}"
EndProject
Project("{8BC9CEB8-8B4A-11D0-8D11-00A0C91BC942}") = "practice04_3a", "practice\practice04\practice04_3a\practice04_3a.vcxproj", "{83630AE4-9CF6-4753-85A1-CD34789F220E}"
EndProject
Project("{8BC9CEB8-8B4A-11D0-8D11-00A0C91BC942}") = "project02", "projects\project02\project02.vcxproj", "{FE97C752-23C2-417D-BE24-C9781EB69E68}"
EndProject
Project("{2150E333-8FDC-42A3-9474-1A3956D46DE8}") = "test", "test", "{3DB833A5-C188-48B1-9627-0A74DA155682}"
EndProject
Project("{8BC9CEB8-8B4A-11D0-8D11-00A0C91BC942}") = "practice_test_03", "test\practice_test_03\practice_test_03.vcxproj", "{609FE849-6DE7-44B1-ACAF-2FD079D3F83F}"
EndProject
Project("{8BC9CEB8-8B4A-11D0-8D11-00A0C91BC942}") = "practice05_2b", "practice\practice05\practice05_2b\practice05_2b.vcxproj", "{4D9B2756-A415-45ED-8E0E-B9AAD4C80F7E}"
EndProject
Project("{8BC9CEB8-8B4A-11D0-8D11-00A0C91BC942}") = "practice05_3a", "practice\practice05\practice05_3a\practice05_3a.vcxproj", "{500BC9D3-0971-424C-AC12-1922881B43D8}"
EndProject
Project("{8BC9CEB8-8B4A-11D0-8D11-00A0C91BC942}") = "practice06", "practice\practice06\practice06.vcxproj", "{7D03803F-5E49-4591-8D2E-1E36D0722B25}"
EndProject
Project("{8BC9CEB8-8B4A-11D0-8D11-00A0C91BC942}") = "practice07", "practice\practice07\practice07.vcxproj", "{4FDE212E-7B4C-42CD-893B-7A847D646AD8}"
EndProject
Project("{8BC9CEB8-8B4A-11D0-8D11-00A0C91BC942}") = "practice11", "practice\practice11\practice11.vcxproj", "{6DF1A5C4-8265-453E-8437-BF625A2C040B}"
EndProject
Project("{8BC9CEB8-8B4A-11D0-8D11-00A0C91BC942}") = "problem1", "practice\practice09\problem1\problem1.vcxproj", "{C6640767-46A9-4FD3-A825-D954A6EC4DB0}"
EndProject
Project("{8BC9CEB8-8B4A-11D0-8D11-00A0C91BC942}") = "problem2", "practice\practice09\problem2\problem2.vcxproj", "{39E4540E-F4E1-4902-A368-DE9FF0CD1E46}"
EndProject
Project("{2150E333-8FDC-42A3-9474-1A3956D46DE8}") = "practice09", "practice09", "{02EA681E-C7D8-13C7-8484-4AC65E1B71E8}"
EndProject
Project("{8BC9CEB8-8B4A-11D0-8D11-00A0C91BC942}") = "project04", "projects\project04\project04.vcxproj", "{56123E76-4DD6-4451-8F65-9367AC6CB27F}"
EndProject
Project("{8BC9CEB8-8B4A-11D0-8D11-00A0C91BC942}") = "practice12", "practice\practice12\practice12.vcxproj", "{6D011A1B-3EBF-46F9-B137-D967FC9595C5}"
EndProject
Global
	GlobalSection(SolutionConfigurationPlatforms) = preSolution
		Debug|x64 = Debug|x64
		Debug|x86 = Debug|x86
		Release|x64 = Release|x64
		Release|x86 = Release|x86
	EndGlobalSection
	GlobalSection(ProjectConfigurationPlatforms) = postSolution
		{94BEAAFA-BDE6-403C-9216-3F41BBDE33AB}.Debug|x64.ActiveCfg = Debug|x64
		{94BEAAFA-BDE6-403C-9216-3F41BBDE33AB}.Debug|x64.Build.0 = Debug|x64
		{94BEAAFA-BDE6-403C-9216-3F41BBDE33AB}.Debug|x86.ActiveCfg = Debug|Win32
		{94BEAAFA-BDE6-403C-9216-3F41BBDE33AB}.Debug|x86.Build.0 = Debug|Win32
		{94BEAAFA-BDE6-403C-9216-3F41BBDE33AB}.Release|x64.ActiveCfg = Release|x64
		{94BEAAFA-BDE6-403C-9216-3F41BBDE33AB}.Release|x64.Build.0 = Release|x64
		{94BEAAFA-BDE6-403C-9216-3F41BBDE33AB}.Release|x86.ActiveCfg = Release|Win32
		{94BEAAFA-BDE6-403C-9216-3F41BBDE33AB}.Release|x86.Build.0 = Release|Win32
		{CC270779-EF9D-472A-AB8E-C17DCC7854E5}.Debug|x64.ActiveCfg = Debug|x64
		{CC270779-EF9D-472A-AB8E-C17DCC7854E5}.Debug|x64.Build.0 = Debug|x64
		{CC270779-EF9D-472A-AB8E-C17DCC7854E5}.Debug|x86.ActiveCfg = Debug|Win32
		{CC270779-EF9D-472A-AB8E-C17DCC7854E5}.Debug|x86.Build.0 = Debug|Win32
		{CC270779-EF9D-472A-AB8E-C17DCC7854E5}.Release|x64.ActiveCfg = Release|x64
		{CC270779-EF9D-472A-AB8E-C17DCC7854E5}.Release|x64.Build.0 = Release|x64
		{CC270779-EF9D-472A-AB8E-C17DCC7854E5}.Release|x86.ActiveCfg = Release|Win32
		{CC270779-EF9D-472A-AB8E-C17DCC7854E5}.Release|x86.Build.0 = Release|Win32
		{EFEC5365-9776-4588-A42E-D9B180D9F106}.Debug|x64.ActiveCfg = Debug|x64
		{EFEC5365-9776-4588-A42E-D9B180D9F106}.Debug|x64.Build.0 = Debug|x64
		{EFEC5365-9776-4588-A42E-D9B180D9F106}.Debug|x86.ActiveCfg = Debug|Win32
		{EFEC5365-9776-4588-A42E-D9B180D9F106}.Debug|x86.Build.0 = Debug|Win32
		{EFEC5365-9776-4588-A42E-D9B180D9F106}.Release|x64.ActiveCfg = Release|x64
		{EFEC5365-9776-4588-A42E-D9B180D9F106}.Release|x64.Build.0 = Release|x64
		{EFEC5365-9776-4588-A42E-D9B180D9F106}.Release|x86.ActiveCfg = Release|Win32
		{EFEC5365-9776-4588-A42E-D9B180D9F106}.Release|x86.Build.0 = Release|Win32
		{201A55ED-B92A-470B-914C-C3FFB43CBBE0}.Debug|x64.ActiveCfg = Debug|x64
		{201A55ED-B92A-470B-914C-C3FFB43CBBE0}.Debug|x64.Build.0 = Debug|x64
		{201A55ED-B92A-470B-914C-C3FFB43CBBE0}.Debug|x86.ActiveCfg = Debug|Win32
		{201A55ED-B92A-470B-914C-C3FFB43CBBE0}.Debug|x86.Build.0 = Debug|Win32
		{201A55ED-B92A-470B-914C-C3FFB43CBBE0}.Release|x64.ActiveCfg = Release|x64
		{201A55ED-B92A-470B-914C-C3FFB43CBBE0}.Release|x64.Build.0 = Release|x64
		{201A55ED-B92A-470B-914C-C3FFB43CBBE0}.Release|x86.ActiveCfg = Release|Win32
		{201A55ED-B92A-470B-914C-C3FFB43CBBE0}.Release|x86.Build.0 = Release|Win32
		{D6E089A5-1359-44FA-9890-73BBB5D12B27}.Debug|x64.ActiveCfg = Debug|x64
		{D6E089A5-1359-44FA-9890-73BBB5D12B27}.Debug|x64.Build.0 = Debug|x64
		{D6E089A5-1359-44FA-9890-73BBB5D12B27}.Debug|x86.ActiveCfg = Debug|Win32
		{D6E089A5-1359-44FA-9890-73BBB5D12B27}.Debug|x86.Build.0 = Debug|Win32
		{D6E089A5-1359-44FA-9890-73BBB5D12B27}.Release|x64.ActiveCfg = Release|x64
		{D6E089A5-1359-44FA-9890-73BBB5D12B27}.Release|x64.Build.0 = Release|x64
		{D6E089A5-1359-44FA-9890-73BBB5D12B27}.Release|x86.ActiveCfg = Release|Win32
		{D6E089A5-1359-44FA-9890-73BBB5D12B27}.Release|x86.Build.0 = Release|Win32
		{99A00702-56B2-4D26-B98A-473D39EE2B12}.Debug|x64.ActiveCfg = Debug|x64
		{99A00702-56B2-4D26-B98A-473D39EE2B12}.Debug|x64.Build.0 = Debug|x64
		{99A00702-56B2-4D26-B98A-473D39EE2B12}.Debug|x86.ActiveCfg = Debug|Win32
		{99A00702-56B2-4D26-B98A-473D39EE2B12}.Debug|x86.Build.0 = Debug|Win32
		{99A00702-56B2-4D26-B98A-473D39EE2B12}.Release|x64.ActiveCfg = Release|x64
		{99A00702-56B2-4D26-B98A-473D39EE2B12}.Release|x64.Build.0 = Release|x64
		{99A00702-56B2-4D26-B98A-473D39EE2B12}.Release|x86.ActiveCfg = Release|Win32
		{99A00702-56B2-4D26-B98A-473D39EE2B12}.Release|x86.Build.0 = Release|Win32
		{90DF8A35-7AAC-4201-AE75-B7B524121E89}.Debug|x64.ActiveCfg = Debug|x64
		{90DF8A35-7AAC-4201-AE75-B7B524121E89}.Debug|x64.Build.0 = Debug|x64
		{90DF8A35-7AAC-4201-AE75-B7B524121E89}.Debug|x86.ActiveCfg = Debug|Win32
		{90DF8A35-7AAC-4201-AE75-B7B524121E89}.Debug|x86.Build.0 = Debug|Win32
		{90DF8A35-7AAC-4201-AE75-B7B524121E89}.Release|x64.ActiveCfg = Release|x64
		{90DF8A35-7AAC-4201-AE75-B7B524121E89}.Release|x64.Build.0 = Release|x64
		{90DF8A35-7AAC-4201-AE75-B7B524121E89}.Release|x86.ActiveCfg = Release|Win32
		{90DF8A35-7AAC-4201-AE75-B7B524121E89}.Release|x86.Build.0 = Release|Win32
		{83630AE4-9CF6-4753-85A1-CD34789F220E}.Debug|x64.ActiveCfg = Debug|x64
		{83630AE4-9CF6-4753-85A1-CD34789F220E}.Debug|x64.Build.0 = Debug|x64
		{83630AE4-9CF6-4753-85A1-CD34789F220E}.Debug|x86.ActiveCfg = Debug|Win32
		{83630AE4-9CF6-4753-85A1-CD34789F220E}.Debug|x86.Build.0 = Debug|Win32
		{83630AE4-9CF6-4753-85A1-CD34789F220E}.Release|x64.ActiveCfg = Release|x64
		{83630AE4-9CF6-4753-85A1-CD34789F220E}.Release|x64.Build.0 = Release|x64
		{83630AE4-9CF6-4753-85A1-CD34789F220E}.Release|x86.ActiveCfg = Release|Win32
		{83630AE4-9CF6-4753-85A1-CD34789F220E}.Release|x86.Build.0 = Release|Win32
		{FE97C752-23C2-417D-BE24-C9781EB69E68}.Debug|x64.ActiveCfg = Debug|x64
		{FE97C752-23C2-417D-BE24-C9781EB69E68}.Debug|x64.Build.0 = Debug|x64
		{FE97C752-23C2-417D-BE24-C9781EB69E68}.Debug|x86.ActiveCfg = Debug|Win32
		{FE97C752-23C2-417D-BE24-C9781EB69E68}.Debug|x86.Build.0 = Debug|Win32
		{FE97C752-23C2-417D-BE24-C9781EB69E68}.Release|x64.ActiveCfg = Release|x64
		{FE97C752-23C2-417D-BE24-C9781EB69E68}.Release|x64.Build.0 = Release|x64
		{FE97C752-23C2-417D-BE24-C9781EB69E68}.Release|x86.ActiveCfg = Release|Win32
		{FE97C752-23C2-417D-BE24-C9781EB69E68}.Release|x86.Build.0 = Release|Win32
		{609FE849-6DE7-44B1-ACAF-2FD079D3F83F}.Debug|x64.ActiveCfg = Debug|x64
		{609FE849-6DE7-44B1-ACAF-2FD079D3F83F}.Debug|x64.Build.0 = Debug|x64
		{609FE849-6DE7-44B1-ACAF-2FD079D3F83F}.Debug|x86.ActiveCfg = Debug|Win32
		{609FE849-6DE7-44B1-ACAF-2FD079D3F83F}.Debug|x86.Build.0 = Debug|Win32
		{609FE849-6DE7-44B1-ACAF-2FD079D3F83F}.Release|x64.ActiveCfg = Release|x64
		{609FE849-6DE7-44B1-ACAF-2FD079D3F83F}.Release|x64.Build.0 = Release|x64
		{609FE849-6DE7-44B1-ACAF-2FD079D3F83F}.Release|x86.ActiveCfg = Release|Win32
		{609FE849-6DE7-44B1-ACAF-2FD079D3F83F}.Release|x86.Build.0 = Release|Win32
		{4D9B2756-A415-45ED-8E0E-B9AAD4C80F7E}.Debug|x64.ActiveCfg = Debug|x64
		{4D9B2756-A415-45ED-8E0E-B9AAD4C80F7E}.Debug|x64.Build.0 = Debug|x64
		{4D9B2756-A415-45ED-8E0E-B9AAD4C80F7E}.Debug|x86.ActiveCfg = Debug|Win32
		{4D9B2756-A415-45ED-8E0E-B9AAD4C80F7E}.Debug|x86.Build.0 = Debug|Win32
		{4D9B2756-A415-45ED-8E0E-B9AAD4C80F7E}.Release|x64.ActiveCfg = Release|x64
		{4D9B2756-A415-45ED-8E0E-B9AAD4C80F7E}.Release|x64.Build.0 = Release|x64
		{4D9B2756-A415-45ED-8E0E-B9AAD4C80F7E}.Release|x86.ActiveCfg = Release|Win32
		{4D9B2756-A415-45ED-8E0E-B9AAD4C80F7E}.Release|x86.Build.0 = Release|Win32
		{500BC9D3-0971-424C-AC12-1922881B43D8}.Debug|x64.ActiveCfg = Debug|x64
		{500BC9D3-0971-424C-AC12-1922881B43D8}.Debug|x64.Build.0 = Debug|x64
		{500BC9D3-0971-424C-AC12-1922881B43D8}.Debug|x86.ActiveCfg = Debug|Win32
		{500BC9D3-0971-424C-AC12-1922881B43D8}.Debug|x86.Build.0 = Debug|Win32
		{500BC9D3-0971-424C-AC12-1922881B43D8}.Release|x64.ActiveCfg = Release|x64
		{500BC9D3-0971-424C-AC12-1922881B43D8}.Release|x64.Build.0 = Release|x64
		{500BC9D3-0971-424C-AC12-1922881B43D8}.Release|x86.ActiveCfg = Release|Win32
		{500BC9D3-0971-424C-AC12-1922881B43D8}.Release|x86.Build.0 = Release|Win32
		{7D03803F-5E49-4591-8D2E-1E36D0722B25}.Debug|x64.ActiveCfg = Debug|x64
		{7D03803F-5E49-4591-8D2E-1E36D0722B25}.Debug|x64.Build.0 = Debug|x64
		{7D03803F-5E49-4591-8D2E-1E36D0722B25}.Debug|x86.ActiveCfg = Debug|Win32
		{7D03803F-5E49-4591-8D2E-1E36D0722B25}.Debug|x86.Build.0 = Debug|Win32
		{7D03803F-5E49-4591-8D2E-1E36D0722B25}.Release|x64.ActiveCfg = Release|x64
		{7D03803F-5E49-4591-8D2E-1E36D0722B25}.Release|x64.Build.0 = Release|x64
		{7D03803F-5E49-4591-8D2E-1E36D0722B25}.Release|x86.ActiveCfg = Release|Win32
		{7D03803F-5E49-4591-8D2E-1E36D0722B25}.Release|x86.Build.0 = Release|Win32
		{4FDE212E-7B4C-42CD-893B-7A847D646AD8}.Debug|x64.ActiveCfg = Debug|x64
		{4FDE212E-7B4C-42CD-893B-7A847D646AD8}.Debug|x64.Build.0 = Debug|x64
		{4FDE212E-7B4C-42CD-893B-7A847D646AD8}.Debug|x86.ActiveCfg = Debug|Win32
		{4FDE212E-7B4C-42CD-893B-7A847D646AD8}.Debug|x86.Build.0 = Debug|Win32
		{4FDE212E-7B4C-42CD-893B-7A847D646AD8}.Release|x64.ActiveCfg = Release|x64
		{4FDE212E-7B4C-42CD-893B-7A847D646AD8}.Release|x64.Build.0 = Release|x64
		{4FDE212E-7B4C-42CD-893B-7A847D646AD8}.Release|x86.ActiveCfg = Release|Win32
		{4FDE212E-7B4C-42CD-893B-7A847D646AD8}.Release|x86.Build.0 = Release|Win32
		{6DF1A5C4-8265-453E-8437-BF625A2C040B}.Debug|x64.ActiveCfg = Debug|x64
		{6DF1A5C4-8265-453E-8437-BF625A2C040B}.Debug|x64.Build.0 = Debug|x64
		{6DF1A5C4-8265-453E-8437-BF625A2C040B}.Debug|x86.ActiveCfg = Debug|Win32
		{6DF1A5C4-8265-453E-8437-BF625A2C040B}.Debug|x86.Build.0 = Debug|Win32
		{6DF1A5C4-8265-453E-8437-BF625A2C040B}.Release|x64.ActiveCfg = Release|x64
		{6DF1A5C4-8265-453E-8437-BF625A2C040B}.Release|x64.Build.0 = Release|x64
		{6DF1A5C4-8265-453E-8437-BF625A2C040B}.Release|x86.ActiveCfg = Release|Win32
		{6DF1A5C4-8265-453E-8437-BF625A2C040B}.Release|x86.Build.0 = Release|Win32
		{C6640767-46A9-4FD3-A825-D954A6EC4DB0}.Debug|x64.ActiveCfg = Debug|x64
		{C6640767-46A9-4FD3-A825-D954A6EC4DB0}.Debug|x64.Build.0 = Debug|x64
		{C6640767-46A9-4FD3-A825-D954A6EC4DB0}.Debug|x86.ActiveCfg = Debug|Win32
		{C6640767-46A9-4FD3-A825-D954A6EC4DB0}.Debug|x86.Build.0 = Debug|Win32
		{C6640767-46A9-4FD3-A825-D954A6EC4DB0}.Release|x64.ActiveCfg = Release|x64
		{C6640767-46A9-4FD3-A825-D954A6EC4DB0}.Release|x64.Build.0 = Release|x64
		{C6640767-46A9-4FD3-A825-D954A6EC4DB0}.Release|x86.ActiveCfg = Release|Win32
		{C6640767-46A9-4FD3-A825-D954A6EC4DB0}.Release|x86.Build.0 = Release|Win32
		{39E4540E-F4E1-4902-A368-DE9FF0CD1E46}.Debug|x64.ActiveCfg = Debug|x64
		{39E4540E-F4E1-4902-A368-DE9FF0CD1E46}.Debug|x64.Build.0 = Debug|x64
		{39E4540E-F4E1-4902-A368-DE9FF0CD1E46}.Debug|x86.ActiveCfg = Debug|Win32
		{39E4540E-F4E1-4902-A368-DE9FF0CD1E46}.Debug|x86.Build.0 = Debug|Win32
		{39E4540E-F4E1-4902-A368-DE9FF0CD1E46}.Release|x64.ActiveCfg = Release|x64
		{39E4540E-F4E1-4902-A368-DE9FF0CD1E46}.Release|x64.Build.0 = Release|x64
		{39E4540E-F4E1-4902-A368-DE9FF0CD1E46}.Release|x86.ActiveCfg = Release|Win32
		{39E4540E-F4E1-4902-A368-DE9FF0CD1E46}.Release|x86.Build.0 = Release|Win32
		{56123E76-4DD6-4451-8F65-9367AC6CB27F}.Debug|x64.ActiveCfg = Debug|x64
		{56123E76-4DD6-4451-8F65-9367AC6CB27F}.Debug|x64.Build.0 = Debug|x64
		{56123E76-4DD6-4451-8F65-9367AC6CB27F}.Debug|x86.ActiveCfg = Debug|Win32
		{56123E76-4DD6-4451-8F65-9367AC6CB27F}.Debug|x86.Build.0 = Debug|Win32
		{56123E76-4DD6-4451-8F65-9367AC6CB27F}.Release|x64.ActiveCfg = Release|x64
		{56123E76-4DD6-4451-8F65-9367AC6CB27F}.Release|x64.Build.0 = Release|x64
		{56123E76-4DD6-4451-8F65-9367AC6CB27F}.Release|x86.ActiveCfg = Release|Win32
		{56123E76-4DD6-4451-8F65-9367AC6CB27F}.Release|x86.Build.0 = Release|Win32
		{6D011A1B-3EBF-46F9-B137-D967FC9595C5}.Debug|x64.ActiveCfg = Debug|x64
		{6D011A1B-3EBF-46F9-B137-D967FC9595C5}.Debug|x64.Build.0 = Debug|x64
		{6D011A1B-3EBF-46F9-B137-D967FC9595C5}.Debug|x86.ActiveCfg = Debug|Win32
		{6D011A1B-3EBF-46F9-B137-D967FC9595C5}.Debug|x86.Build.0 = Debug|Win32
		{6D011A1B-3EBF-46F9-B137-D967FC9595C5}.Release|x64.ActiveCfg = Release|x64
		{6D011A1B-3EBF-46F9-B137-D967FC9595C5}.Release|x64.Build.0 = Release|x64
		{6D011A1B-3EBF-46F9-B137-D967FC9595C5}.Release|x86.ActiveCfg = Release|Win32
		{6D011A1B-3EBF-46F9-B137-D967FC9595C5}.Release|x86.Build.0 = Release|Win32
	EndGlobalSection
	GlobalSection(SolutionProperties) = preSolution
		HideSolutionNode = FALSE
	EndGlobalSection
	GlobalSection(NestedProjects) = preSolution
		{94BEAAFA-BDE6-403C-9216-3F41BBDE33AB} = {9ADBACA2-54FD-486F-8DB3-6F05776FD95A}
		{CC270779-EF9D-472A-AB8E-C17DCC7854E5} = {9ADBACA2-54FD-486F-8DB3-6F05776FD95A}
		{EFEC5365-9776-4588-A42E-D9B180D9F106} = {A4F05000-6A45-40A0-A53A-B93DCB57765E}
		{A4F05000-6A45-40A0-A53A-B93DCB57765E} = {9ADBACA2-54FD-486F-8DB3-6F05776FD95A}
		{201A55ED-B92A-470B-914C-C3FFB43CBBE0} = {9ADBACA2-54FD-486F-8DB3-6F05776FD95A}
		{D6E089A5-1359-44FA-9890-73BBB5D12B27} = {FE7AD6B5-204B-457E-BA7A-1E891557759C}
		{99A00702-56B2-4D26-B98A-473D39EE2B12} = {659FAA6F-E0AB-4572-B840-B164FCB87CEB}
		{659FAA6F-E0AB-4572-B840-B164FCB87CEB} = {9ADBACA2-54FD-486F-8DB3-6F05776FD95A}
		{90DF8A35-7AAC-4201-AE75-B7B524121E89} = {659FAA6F-E0AB-4572-B840-B164FCB87CEB}
		{83630AE4-9CF6-4753-85A1-CD34789F220E} = {659FAA6F-E0AB-4572-B840-B164FCB87CEB}
		{FE97C752-23C2-417D-BE24-C9781EB69E68} = {FE7AD6B5-204B-457E-BA7A-1E891557759C}
		{609FE849-6DE7-44B1-ACAF-2FD079D3F83F} = {3DB833A5-C188-48B1-9627-0A74DA155682}
		{4D9B2756-A415-45ED-8E0E-B9AAD4C80F7E} = {A4F05000-6A45-40A0-A53A-B93DCB57765E}
		{500BC9D3-0971-424C-AC12-1922881B43D8} = {A4F05000-6A45-40A0-A53A-B93DCB57765E}
		{7D03803F-5E49-4591-8D2E-1E36D0722B25} = {9ADBACA2-54FD-486F-8DB3-6F05776FD95A}
		{4FDE212E-7B4C-42CD-893B-7A847D646AD8} = {9ADBACA2-54FD-486F-8DB3-6F05776FD95A}
		{6DF1A5C4-8265-453E-8437-BF625A2C040B} = {9ADBACA2-54FD-486F-8DB3-6F05776FD95A}
		{C6640767-46A9-4FD3-A825-D954A6EC4DB0} = {02EA681E-C7D8-13C7-8484-4AC65E1B71E8}
		{39E4540E-F4E1-4902-A368-DE9FF0CD1E46} = {02EA681E-C7D8-13C7-8484-4AC65E1B71E8}
		{02EA681E-C7D8-13C7-8484-4AC65E1B71E8} = {9ADBACA2-54FD-486F-8DB3-6F05776FD95A}
		{56123E76-4DD6-4451-8F65-9367AC6CB27F} = {FE7AD6B5-204B-457E-BA7A-1E891557759C}
		{6D011A1B-3EBF-46F9-B137-D967FC9595C5} = {9ADBACA2-54FD-486F-8DB3-6F05776FD95A}
	EndGlobalSection
	GlobalSection(ExtensibilityGlobals) = postSolution
		SolutionGuid = {F992F90C-5724-413F-A867-32D40975ABA5}
	EndGlobalSection
EndGlobal
