
Microsoft Visual Studio Solution File, Format Version 12.00
# Visual Studio Version 17
VisualStudioVersion = 17.11.35327.3
MinimumVisualStudioVersion = 10.0.40219.1
Project("{8BC9CEB8-8B4A-11D0-8D11-00A0C91BC942}") = "practice01", "practice\practice01\practice01.vcxproj", "{94BEAAFA-BDE6-403C-9216-3F41BBDE33AB}"
EndProject
Project("{8BC9CEB8-8B4A-11D0-8D11-00A0C91BC942}") = "practice02", "practice\practice02\practice02.vcxproj", "{CC270779-EF9D-472A-AB8E-C17DCC7854E5}"
EndProject
Project("{8BC9CEB8-8B4A-11D0-8D11-00A0C91BC942}") = "practice05_1a", "practice\practice05\practice05_1a\practice05_1a.vcxproj", "{EFEC5365-9776-4588-A42E-D9B180D9F106}"
EndProject
Project("{2150E333-8FDC-42A3-9474-1A3956D46DE8}") = "practice05", "practice05", "{A4F05000-6A45-40A0-A53A-B93DCB57765E}"
EndProject
Project("{8BC9CEB8-8B4A-11D0-8D11-00A0C91BC942}") = "practice03", "practice\practice03\practice03.vcxproj", "{201A55ED-B92A-470B-914C-C3FFB43CBBE0}"
EndProject
Project("{8BC9CEB8-8B4A-11D0-8D11-00A0C91BC942}") = "project01", "projects\project01\project01.vcxproj", "{D6E089A5-1359-44FA-9890-73BBB5D12B27}"
EndProject
Project("{8BC9CEB8-8B4A-11D0-8D11-00A0C91BC942}") = "practice04_1a", "practice\practice04\practice04_1a\practice04_1a.vcxproj", "{99A00702-56B2-4D26-B98A-473D39EE2B12}"
EndProject
Project("{2150E333-8FDC-42A3-9474-1A3956D46DE8}") = "practice04", "practice04", "{659FAA6F-E0AB-4572-B840-B164FCB87CEB}"
EndProject
Project("{2150E333-8FDC-42A3-9474-1A3956D46DE8}") = "practice", "practice", "{9ADBACA2-54FD-486F-8DB3-6F05776FD95A}"
EndProject
Project("{2150E333-8FDC-42A3-9474-1A3956D46DE8}") = "projects", "projects", "{FE7AD6B5-204B-457E-BA7A-1E891557759C}"
EndProject
Project("{8BC9CEB8-8B4A-11D0-8D11-00A0C91BC942}") = "practice04_2a", "practice\practice04\practice04_2a\practice04_2a.vcxproj", "{90DF8A35-7AAC-4201-AE75-B7B524121E89}"
EndProject
Project("{8BC9CEB8-8B4A-11D0-8D11-00A0C91BC942}") = "practice04_3a", "practice\practice04\practice04_3a\practice04_3a.vcxproj", "{83630AE4-9CF6-4753-85A1-CD34789F220E}"
EndProject
Project("{8BC9CEB8-8B4A-11D0-8D11-00A0C91BC942}") = "project02", "projects\project02\project02.vcxproj", "{FE97C752-23C2-417D-BE24-C9781EB69E68}"
EndProject
Project("{2150E333-8FDC-42A3-9474-1A3956D46DE8}") = "test", "test", "{3DB833A5-C188-48B1-9627-0A74DA155682}"
EndProject
Project("{8BC9CEB8-8B4A-11D0-8D11-00A0C91BC942}") = "practice03_test", "test\practice03_test\practice03_test.vcxproj", "{0A3B6D2A-9082-40B8-B648-B05B3DFF9065}"
EndProject
Global
	GlobalSection(SolutionConfigurationPlatforms) = preSolution
		Debug|x64 = Debug|x64
		Debug|x86 = Debug|x86
		Release|x64 = Release|x64
		Release|x86 = Release|x86
	EndGlobalSection
	GlobalSection(ProjectConfigurationPlatforms) = postSolution
		{94BEAAFA-BDE6-403C-9216-3F41BBDE33AB}.Debug|x64.ActiveCfg = Debug|x64
		{94BEAAFA-BDE6-403C-9216-3F41BBDE33AB}.Debug|x64.Build.0 = Debug|x64
		{94BEAAFA-BDE6-403C-9216-3F41BBDE33AB}.Debug|x86.ActiveCfg = Debug|Win32
		{94BEAAFA-BDE6-403C-9216-3F41BBDE33AB}.Debug|x86.Build.0 = Debug|Win32
		{94BEAAFA-BDE6-403C-9216-3F41BBDE33AB}.Release|x64.ActiveCfg = Release|x64
		{94BEAAFA-BDE6-403C-9216-3F41BBDE33AB}.Release|x64.Build.0 = Release|x64
		{94BEAAFA-BDE6-403C-9216-3F41BBDE33AB}.Release|x86.ActiveCfg = Release|Win32
		{94BEAAFA-BDE6-403C-9216-3F41BBDE33AB}.Release|x86.Build.0 = Release|Win32
		{CC270779-EF9D-472A-AB8E-C17DCC7854E5}.Debug|x64.ActiveCfg = Debug|x64
		{CC270779-EF9D-472A-AB8E-C17DCC7854E5}.Debug|x64.Build.0 = Debug|x64
		{CC270779-EF9D-472A-AB8E-C17DCC7854E5}.Debug|x86.ActiveCfg = Debug|Win32
		{CC270779-EF9D-472A-AB8E-C17DCC7854E5}.Debug|x86.Build.0 = Debug|Win32
		{CC270779-EF9D-472A-AB8E-C17DCC7854E5}.Release|x64.ActiveCfg = Release|x64
		{CC270779-EF9D-472A-AB8E-C17DCC7854E5}.Release|x64.Build.0 = Release|x64
		{CC270779-EF9D-472A-AB8E-C17DCC7854E5}.Release|x86.ActiveCfg = Release|Win32
		{CC270779-EF9D-472A-AB8E-C17DCC7854E5}.Release|x86.Build.0 = Release|Win32
		{EFEC5365-9776-4588-A42E-D9B180D9F106}.Debug|x64.ActiveCfg = Debug|x64
		{EFEC5365-9776-4588-A42E-D9B180D9F106}.Debug|x64.Build.0 = Debug|x64
		{EFEC5365-9776-4588-A42E-D9B180D9F106}.Debug|x86.ActiveCfg = Debug|Win32
		{EFEC5365-9776-4588-A42E-D9B180D9F106}.Debug|x86.Build.0 = Debug|Win32
		{EFEC5365-9776-4588-A42E-D9B180D9F106}.Release|x64.ActiveCfg = Release|x64
		{EFEC5365-9776-4588-A42E-D9B180D9F106}.Release|x64.Build.0 = Release|x64
		{EFEC5365-9776-4588-A42E-D9B180D9F106}.Release|x86.ActiveCfg = Release|Win32
		{EFEC5365-9776-4588-A42E-D9B180D9F106}.Release|x86.Build.0 = Release|Win32
		{201A55ED-B92A-470B-914C-C3FFB43CBBE0}.Debug|x64.ActiveCfg = Debug|x64
		{201A55ED-B92A-470B-914C-C3FFB43CBBE0}.Debug|x64.Build.0 = Debug|x64
		{201A55ED-B92A-470B-914C-C3FFB43CBBE0}.Debug|x86.ActiveCfg = Debug|Win32
		{201A55ED-B92A-470B-914C-C3FFB43CBBE0}.Debug|x86.Build.0 = Debug|Win32
		{201A55ED-B92A-470B-914C-C3FFB43CBBE0}.Release|x64.ActiveCfg = Release|x64
		{201A55ED-B92A-470B-914C-C3FFB43CBBE0}.Release|x64.Build.0 = Release|x64
		{201A55ED-B92A-470B-914C-C3FFB43CBBE0}.Release|x86.ActiveCfg = Release|Win32
		{201A55ED-B92A-470B-914C-C3FFB43CBBE0}.Release|x86.Build.0 = Release|Win32
		{D6E089A5-1359-44FA-9890-73BBB5D12B27}.Debug|x64.ActiveCfg = Debug|x64
		{D6E089A5-1359-44FA-9890-73BBB5D12B27}.Debug|x64.Build.0 = Debug|x64
		{D6E089A5-1359-44FA-9890-73BBB5D12B27}.Debug|x86.ActiveCfg = Debug|Win32
		{D6E089A5-1359-44FA-9890-73BBB5D12B27}.Debug|x86.Build.0 = Debug|Win32
		{D6E089A5-1359-44FA-9890-73BBB5D12B27}.Release|x64.ActiveCfg = Release|x64
		{D6E089A5-1359-44FA-9890-73BBB5D12B27}.Release|x64.Build.0 = Release|x64
		{D6E089A5-1359-44FA-9890-73BBB5D12B27}.Release|x86.ActiveCfg = Release|Win32
		{D6E089A5-1359-44FA-9890-73BBB5D12B27}.Release|x86.Build.0 = Release|Win32
		{99A00702-56B2-4D26-B98A-473D39EE2B12}.Debug|x64.ActiveCfg = Debug|x64
		{99A00702-56B2-4D26-B98A-473D39EE2B12}.Debug|x64.Build.0 = Debug|x64
		{99A00702-56B2-4D26-B98A-473D39EE2B12}.Debug|x86.ActiveCfg = Debug|Win32
		{99A00702-56B2-4D26-B98A-473D39EE2B12}.Debug|x86.Build.0 = Debug|Win32
		{99A00702-56B2-4D26-B98A-473D39EE2B12}.Release|x64.ActiveCfg = Release|x64
		{99A00702-56B2-4D26-B98A-473D39EE2B12}.Release|x64.Build.0 = Release|x64
		{99A00702-56B2-4D26-B98A-473D39EE2B12}.Release|x86.ActiveCfg = Release|Win32
		{99A00702-56B2-4D26-B98A-473D39EE2B12}.Release|x86.Build.0 = Release|Win32
		{90DF8A35-7AAC-4201-AE75-B7B524121E89}.Debug|x64.ActiveCfg = Debug|x64
		{90DF8A35-7AAC-4201-AE75-B7B524121E89}.Debug|x64.Build.0 = Debug|x64
		{90DF8A35-7AAC-4201-AE75-B7B524121E89}.Debug|x86.ActiveCfg = Debug|Win32
		{90DF8A35-7AAC-4201-AE75-B7B524121E89}.Debug|x86.Build.0 = Debug|Win32
		{90DF8A35-7AAC-4201-AE75-B7B524121E89}.Release|x64.ActiveCfg = Release|x64
		{90DF8A35-7AAC-4201-AE75-B7B524121E89}.Release|x64.Build.0 = Release|x64
		{90DF8A35-7AAC-4201-AE75-B7B524121E89}.Release|x86.ActiveCfg = Release|Win32
		{90DF8A35-7AAC-4201-AE75-B7B524121E89}.Release|x86.Build.0 = Release|Win32
		{83630AE4-9CF6-4753-85A1-CD34789F220E}.Debug|x64.ActiveCfg = Debug|x64
		{83630AE4-9CF6-4753-85A1-CD34789F220E}.Debug|x64.Build.0 = Debug|x64
		{83630AE4-9CF6-4753-85A1-CD34789F220E}.Debug|x86.ActiveCfg = Debug|Win32
		{83630AE4-9CF6-4753-85A1-CD34789F220E}.Debug|x86.Build.0 = Debug|Win32
		{83630AE4-9CF6-4753-85A1-CD34789F220E}.Release|x64.ActiveCfg = Release|x64
		{83630AE4-9CF6-4753-85A1-CD34789F220E}.Release|x64.Build.0 = Release|x64
		{83630AE4-9CF6-4753-85A1-CD34789F220E}.Release|x86.ActiveCfg = Release|Win32
		{83630AE4-9CF6-4753-85A1-CD34789F220E}.Release|x86.Build.0 = Release|Win32
		{FE97C752-23C2-417D-BE24-C9781EB69E68}.Debug|x64.ActiveCfg = Debug|x64
		{FE97C752-23C2-417D-BE24-C9781EB69E68}.Debug|x64.Build.0 = Debug|x64
		{FE97C752-23C2-417D-BE24-C9781EB69E68}.Debug|x86.ActiveCfg = Debug|Win32
		{FE97C752-23C2-417D-BE24-C9781EB69E68}.Debug|x86.Build.0 = Debug|Win32
		{FE97C752-23C2-417D-BE24-C9781EB69E68}.Release|x64.ActiveCfg = Release|x64
		{FE97C752-23C2-417D-BE24-C9781EB69E68}.Release|x64.Build.0 = Release|x64
		{FE97C752-23C2-417D-BE24-C9781EB69E68}.Release|x86.ActiveCfg = Release|Win32
		{FE97C752-23C2-417D-BE24-C9781EB69E68}.Release|x86.Build.0 = Release|Win32
		{0A3B6D2A-9082-40B8-B648-B05B3DFF9065}.Debug|x64.ActiveCfg = Debug|x64
		{0A3B6D2A-9082-40B8-B648-B05B3DFF9065}.Debug|x64.Build.0 = Debug|x64
		{0A3B6D2A-9082-40B8-B648-B05B3DFF9065}.Debug|x86.ActiveCfg = Debug|Win32
		{0A3B6D2A-9082-40B8-B648-B05B3DFF9065}.Debug|x86.Build.0 = Debug|Win32
		{0A3B6D2A-9082-40B8-B648-B05B3DFF9065}.Release|x64.ActiveCfg = Release|x64
		{0A3B6D2A-9082-40B8-B648-B05B3DFF9065}.Release|x64.Build.0 = Release|x64
		{0A3B6D2A-9082-40B8-B648-B05B3DFF9065}.Release|x86.ActiveCfg = Release|Win32
		{0A3B6D2A-9082-40B8-B648-B05B3DFF9065}.Release|x86.Build.0 = Release|Win32
	EndGlobalSection
	GlobalSection(SolutionProperties) = preSolution
		HideSolutionNode = FALSE
	EndGlobalSection
	GlobalSection(NestedProjects) = preSolution
		{94BEAAFA-BDE6-403C-9216-3F41BBDE33AB} = {9ADBACA2-54FD-486F-8DB3-6F05776FD95A}
		{CC270779-EF9D-472A-AB8E-C17DCC7854E5} = {9ADBACA2-54FD-486F-8DB3-6F05776FD95A}
		{EFEC5365-9776-4588-A42E-D9B180D9F106} = {A4F05000-6A45-40A0-A53A-B93DCB57765E}
		{A4F05000-6A45-40A0-A53A-B93DCB57765E} = {9ADBACA2-54FD-486F-8DB3-6F05776FD95A}
		{201A55ED-B92A-470B-914C-C3FFB43CBBE0} = {9ADBACA2-54FD-486F-8DB3-6F05776FD95A}
		{D6E089A5-1359-44FA-9890-73BBB5D12B27} = {FE7AD6B5-204B-457E-BA7A-1E891557759C}
		{99A00702-56B2-4D26-B98A-473D39EE2B12} = {659FAA6F-E0AB-4572-B840-B164FCB87CEB}
		{659FAA6F-E0AB-4572-B840-B164FCB87CEB} = {9ADBACA2-54FD-486F-8DB3-6F05776FD95A}
		{90DF8A35-7AAC-4201-AE75-B7B524121E89} = {659FAA6F-E0AB-4572-B840-B164FCB87CEB}
		{83630AE4-9CF6-4753-85A1-CD34789F220E} = {659FAA6F-E0AB-4572-B840-B164FCB87CEB}
		{FE97C752-23C2-417D-BE24-C9781EB69E68} = {FE7AD6B5-204B-457E-BA7A-1E891557759C}
		{0A3B6D2A-9082-40B8-B648-B05B3DFF9065} = {3DB833A5-C188-48B1-9627-0A74DA155682}
	EndGlobalSection
	GlobalSection(ExtensibilityGlobals) = postSolution
		SolutionGuid = {F992F90C-5724-413F-A867-32D40975ABA5}
	EndGlobalSection
EndGlobal
